# THIS IS AN AUTOGENERATED FILE. DO NOT EDIT THIS FILE DIRECTLY.
# yarn lockfile v1


ascetic.unity.core@1.0.1:
  version "1.0.1"
  resolved "https://registry.yarnpkg.com/ascetic.unity.core/-/ascetic.unity.core-1.0.1.tgz#8f6c299f5ec17fc7450d0dbcc0b0308cea6e2e9e"
  integrity sha512-eFIU9Adm5EKO+NTq5L1kwCHUaLgIqvivs9REaDI7UdML0QT33Urh14MCKKIdiHUcDyDL1L0y0i+jHkwEZUQg0A==
